
Microsoft Visual Studio Solution File, Format Version 12.00
# Visual Studio Version 16
VisualStudioVersion = 25.0.1705.4
MinimumVisualStudioVersion = 10.0.40219.1
Project("{FAE04EC0-301F-11D3-BF4B-00C04F79EFBC}") = "ATagTargetTest", "ATagTargetTest\ATagTargetTest.csproj", "{455AED94-8D05-41E4-A545-62CF2076455B}"
EndProject
Global
	GlobalSection(SolutionConfigurationPlatforms) = preSolution
		Debug|Any CPU = Debug|Any CPU
		Release|Any CPU = Release|Any CPU
	EndGlobalSection
	GlobalSection(ProjectConfigurationPlatforms) = postSolution
		{455AED94-8D05-41E4-A545-62CF2076455B}.Debug|Any CPU.ActiveCfg = Debug|Any CPU
		{455AED94-8D05-41E4-A545-62CF2076455B}.Debug|Any CPU.Build.0 = Debug|Any CPU
		{455AED94-8D05-41E4-A545-62CF2076455B}.Release|Any CPU.ActiveCfg = Release|Any CPU
		{455AED94-8D05-41E4-A545-62CF2076455B}.Release|Any CPU.Build.0 = Release|Any CPU
	EndGlobalSection
	GlobalSection(SolutionProperties) = preSolution
		HideSolutionNode = FALSE
	EndGlobalSection
	GlobalSection(ExtensibilityGlobals) = postSolution
		SolutionGuid = {B18D05B6-0DA3-4025-B3FB-2AF360B3AF9F}
	EndGlobalSection
EndGlobal
